
Microsoft Visual Studio Solution File, Format Version 12.00
# Visual Studio 15
VisualStudioVersion = 15.0.27428.2005
MinimumVisualStudioVersion = 10.0.40219.1
Project("{888888A0-9F3D-457C-B088-3A5042F75D52}") = "ClouderaNavigatorAuditMonitor", "ClouderaNavigatorAuditMonitor\ClouderaNavigatorAuditMonitor.pyproj", "{6E97C747-9521-4F1B-89B7-4EDD0824F2FC}"
EndProject
Global
	GlobalSection(SolutionConfigurationPlatforms) = preSolution
		Debug|Any CPU = Debug|Any CPU
		Release|Any CPU = Release|Any CPU
	EndGlobalSection
	GlobalSection(ProjectConfigurationPlatforms) = postSolution
		{6E97C747-9521-4F1B-89B7-4EDD0824F2FC}.Debug|Any CPU.ActiveCfg = Debug|Any CPU
		{6E97C747-9521-4F1B-89B7-4EDD0824F2FC}.Release|Any CPU.ActiveCfg = Release|Any CPU
	EndGlobalSection
	GlobalSection(SolutionProperties) = preSolution
		HideSolutionNode = FALSE
	EndGlobalSection
	GlobalSection(ExtensibilityGlobals) = postSolution
		SolutionGuid = {8D89C4DB-3673-4E59-ABC6-57A574AED26F}
	EndGlobalSection
EndGlobal
